
Microsoft Visual Studio Solution File, Format Version 12.00
# Visual Studio 15
VisualStudioVersion = 15.0.27703.2035
MinimumVisualStudioVersion = 10.0.40219.1
Project("{9A19103F-16F7-4668-BE54-9A1E7A4F7556}") = "RestWithAspNETUdemy", "RestWithAspNETUdemy\RestWithAspNETUdemy.csproj", "{0DFD8F88-E5CA-499C-8770-2223D358BDF1}"
EndProject
Project("{FAE04EC0-301F-11D3-BF4B-00C04F79EFBC}") = "Utilities", "Utilities\Utilities.csproj", "{770469D4-3D5A-4883-81CD-3501A646385C}"
EndProject
Global
	GlobalSection(SolutionConfigurationPlatforms) = preSolution
		Debug|Any CPU = Debug|Any CPU
		Release|Any CPU = Release|Any CPU
	EndGlobalSection
	GlobalSection(ProjectConfigurationPlatforms) = postSolution
		{0DFD8F88-E5CA-499C-8770-2223D358BDF1}.Debug|Any CPU.ActiveCfg = Debug|Any CPU
		{0DFD8F88-E5CA-499C-8770-2223D358BDF1}.Debug|Any CPU.Build.0 = Debug|Any CPU
		{0DFD8F88-E5CA-499C-8770-2223D358BDF1}.Release|Any CPU.ActiveCfg = Release|Any CPU
		{0DFD8F88-E5CA-499C-8770-2223D358BDF1}.Release|Any CPU.Build.0 = Release|Any CPU
		{770469D4-3D5A-4883-81CD-3501A646385C}.Debug|Any CPU.ActiveCfg = Debug|Any CPU
		{770469D4-3D5A-4883-81CD-3501A646385C}.Debug|Any CPU.Build.0 = Debug|Any CPU
		{770469D4-3D5A-4883-81CD-3501A646385C}.Release|Any CPU.ActiveCfg = Release|Any CPU
		{770469D4-3D5A-4883-81CD-3501A646385C}.Release|Any CPU.Build.0 = Release|Any CPU
	EndGlobalSection
	GlobalSection(SolutionProperties) = preSolution
		HideSolutionNode = FALSE
	EndGlobalSection
	GlobalSection(ExtensibilityGlobals) = postSolution
		SolutionGuid = {81B07BD0-BB4C-49D6-B0C9-CBCBD7509176}
	EndGlobalSection
EndGlobal
